# This file is autogenerated, do not edit; changes may be undone by the next 'dep ensure'.


[[projects]]
  digest = "1:ffe9824d294da03b391f44e1ae8281281b4afc1bdaa9588c9097785e3af10cec"
  name = "github.com/davecgh/go-spew"
  packages = ["spew"]
  pruneopts = "UT"
  revision = "8991bc29aa16c548c550c7ff78260e27b9ab7c73"
  version = "v1.1.1"

[[projects]]
  digest = "1:0028cb19b2e4c3112225cd871870f2d9cf49b9b4276531f03438a88e94be86fe"
  name = "github.com/pmezard/go-difflib"
  packages = ["difflib"]
  pruneopts = "UT"
  revision = "792786c7400a136282c1664665ae0a8db921c6c2"
  version = "v1.0.0"

[[projects]]
  digest = "1:7ed18c3bbfbcad85366eb74b523e2089022bb978002427f636edde27208c8ae6"
  name = "github.com/powerman/check"
  packages = ["."]
  pruneopts = "UT"
  revision = "4d2d3b448662c1cc6f64f1c829806904ef76480c"
  version = "v1.0.1"

[[projects]]
  digest = "1:61fd6e308828dc0a63bf49dc957334ae6cb3f8f7bccbf3c5304d89e115f8deb1"
  name = "github.com/smartystreets/goconvey"
  packages = [
    "convey/gotest",
    "convey/reporting",
  ]
  pruneopts = "UT"
  revision = "9e8dc3f972df6c8fcc0375ef492c24d0bb204857"
  version = "1.6.3"

[[projects]]
  branch = "master"
  digest = "1:7a8067e267a25694dd7bdde6e5016053a3f61bb7141448bf8e0025a84eb7d11c"
  name = "golang.org/x/sys"
  packages = ["unix"]
  pruneopts = "UT"
  revision = "a9d3bda3a223baa6bba6ef412cb273f0fd163c05"

[solve-meta]
  analyzer-name = "dep"
  analyzer-version = 1
  input-imports = ["github.com/powerman/check"]
  solver-name = "gps-cdcl"
  solver-version = 1
